
Microsoft Visual Studio Solution File, Format Version 12.00
# Visual Studio Version 17
VisualStudioVersion = 17.3.32922.545
MinimumVisualStudioVersion = 10.0.40219.1
Project("{9A19103F-16F7-4668-BE54-9A1E7A4F7556}") = "GameEngine", "GameEngine.csproj", "{B2F73245-3A9A-4205-BABA-36793A1C2022}"
EndProject
Global
	GlobalSection(SolutionConfigurationPlatforms) = preSolution
		Debug|Any CPU = Debug|Any CPU
		Release|Any CPU = Release|Any CPU
	EndGlobalSection
	GlobalSection(ProjectConfigurationPlatforms) = postSolution
		{B2F73245-3A9A-4205-BABA-36793A1C2022}.Debug|Any CPU.ActiveCfg = Debug|Any CPU
		{B2F73245-3A9A-4205-BABA-36793A1C2022}.Debug|Any CPU.Build.0 = Debug|Any CPU
		{B2F73245-3A9A-4205-BABA-36793A1C2022}.Release|Any CPU.ActiveCfg = Release|Any CPU
		{B2F73245-3A9A-4205-BABA-36793A1C2022}.Release|Any CPU.Build.0 = Release|Any CPU
	EndGlobalSection
	GlobalSection(SolutionProperties) = preSolution
		HideSolutionNode = FALSE
	EndGlobalSection
	GlobalSection(ExtensibilityGlobals) = postSolution
		SolutionGuid = {BB89682F-1146-4908-A3A3-FB0B125F6B73}
	EndGlobalSection
EndGlobal
